// !$*UTF8*$!
{
	archiveVersion = 1;
	classes = {
	};
	objectVersion = 50;
	objects = {

/* Begin PBXBuildFile section */
		77491649267CE458008315A6 /* AppDelegate.swift in Sources */ = {isa = PBXBuildFile; fileRef = 77491648267CE458008315A6 /* AppDelegate.swift */; };
		7749164B267CE458008315A6 /* SceneDelegate.swift in Sources */ = {isa = PBXBuildFile; fileRef = 7749164A267CE458008315A6 /* SceneDelegate.swift */; };
		77491652267CE459008315A6 /* Assets.xcassets in Resources */ = {isa = PBXBuildFile; fileRef = 77491651267CE459008315A6 /* Assets.xcassets */; };
		77491655267CE459008315A6 /* LaunchScreen.storyboard in Resources */ = {isa = PBXBuildFile; fileRef = 77491653267CE459008315A6 /* LaunchScreen.storyboard */; };
		77491660267CE459008315A6 /* RiverIslandAppTests.swift in Sources */ = {isa = PBXBuildFile; fileRef = 7749165F267CE459008315A6 /* RiverIslandAppTests.swift */; };
/* End PBXBuildFile section */

/* Begin PBXContainerItemProxy section */
		7749165C267CE459008315A6 /* PBXContainerItemProxy */ = {
			isa = PBXContainerItemProxy;
			containerPortal = 7749163D267CE458008315A6 /* Project object */;
			proxyType = 1;
			remoteGlobalIDString = 77491644267CE458008315A6;
			remoteInfo = RiverIslandApp;
		};
		77491667267CE459008315A6 /* PBXContainerItemProxy */ = {
			isa = PBXContainerItemProxy;
			containerPortal = 7749163D267CE458008315A6 /* Project object */;
			proxyType = 1;
			remoteGlobalIDString = 77491644267CE458008315A6;
			remoteInfo = RiverIslandApp;
		};
/* End PBXContainerItemProxy section */

/* Begin PBXFileReference section */
		77491645267CE458008315A6 /* RiverIslandApp.app */ = {isa = PBXFileReference; explicitFileType = wrapper.application; includeInIndex = 0; path = RiverIslandApp.app; sourceTree = BUILT_PRODUCTS_DIR; };
		77491648267CE458008315A6 /* AppDelegate.swift */ = {isa = PBXFileReference; lastKnownFileType = sourcecode.swift; path = AppDelegate.swift; sourceTree = "<group>"; };
		7749164A267CE458008315A6 /* SceneDelegate.swift */ = {isa = PBXFileReference; lastKnownFileType = sourcecode.swift; path = SceneDelegate.swift; sourceTree = "<group>"; };
		77491651267CE459008315A6 /* Assets.xcassets */ = {isa = PBXFileReference; lastKnownFileType = folder.assetcatalog; path = Assets.xcassets; sourceTree = "<group>"; };
		77491654267CE459008315A6 /* Base */ = {isa = PBXFileReference; lastKnownFileType = file.storyboard; name = Base; path = Base.lproj/LaunchScreen.storyboard; sourceTree = "<group>"; };
		77491656267CE459008315A6 /* Info.plist */ = {isa = PBXFileReference; lastKnownFileType = text.plist.xml; path = Info.plist; sourceTree = "<group>"; };
		7749165B267CE459008315A6 /* RiverIslandAppTests.xctest */ = {isa = PBXFileReference; explicitFileType = wrapper.cfbundle; includeInIndex = 0; path = RiverIslandAppTests.xctest; sourceTree = BUILT_PRODUCTS_DIR; };
		7749165F267CE459008315A6 /* RiverIslandAppTests.swift */ = {isa = PBXFileReference; lastKnownFileType = sourcecode.swift; path = RiverIslandAppTests.swift; sourceTree = "<group>"; };
		77491661267CE459008315A6 /* Info.plist */ = {isa = PBXFileReference; lastKnownFileType = text.plist.xml; path = Info.plist; sourceTree = "<group>"; };
		77491666267CE459008315A6 /* RiverIslandAppUITests.xctest */ = {isa = PBXFileReference; explicitFileType = wrapper.cfbundle; includeInIndex = 0; path = RiverIslandAppUITests.xctest; sourceTree = BUILT_PRODUCTS_DIR; };
		7749166C267CE459008315A6 /* Info.plist */ = {isa = PBXFileReference; lastKnownFileType = text.plist.xml; path = Info.plist; sourceTree = "<group>"; };
/* End PBXFileReference section */

/* Begin PBXFrameworksBuildPhase section */
		77491642267CE458008315A6 /* Frameworks */ = {
			isa = PBXFrameworksBuildPhase;
			buildActionMask = 2147483647;
			files = (
			);
			runOnlyForDeploymentPostprocessing = 0;
		};
		77491658267CE459008315A6 /* Frameworks */ = {
			isa = PBXFrameworksBuildPhase;
			buildActionMask = 2147483647;
			files = (
			);
			runOnlyForDeploymentPostprocessing = 0;
		};
		77491663267CE459008315A6 /* Frameworks */ = {
			isa = PBXFrameworksBuildPhase;
			buildActionMask = 2147483647;
			files = (
			);
			runOnlyForDeploymentPostprocessing = 0;
		};
/* End PBXFrameworksBuildPhase section */

/* Begin PBXGroup section */
		7749163C267CE458008315A6 = {
			isa = PBXGroup;
			children = (
				77491647267CE458008315A6 /* RiverIslandApp */,
				7749165E267CE459008315A6 /* RiverIslandAppTests */,
				77491669267CE459008315A6 /* RiverIslandAppUITests */,
				77491646267CE458008315A6 /* Products */,
			);
			sourceTree = "<group>";
		};
		77491646267CE458008315A6 /* Products */ = {
			isa = PBXGroup;
			children = (
				77491645267CE458008315A6 /* RiverIslandApp.app */,
				7749165B267CE459008315A6 /* RiverIslandAppTests.xctest */,
				77491666267CE459008315A6 /* RiverIslandAppUITests.xctest */,
			);
			name = Products;
			sourceTree = "<group>";
		};
		77491647267CE458008315A6 /* RiverIslandApp */ = {
			isa = PBXGroup;
			children = (
				77491679267CE8DA008315A6 /* App */,
				77491678267CE8D3008315A6 /* Resources */,
				77491656267CE459008315A6 /* Info.plist */,
			);
			path = RiverIslandApp;
			sourceTree = "<group>";
		};
		7749165E267CE459008315A6 /* RiverIslandAppTests */ = {
			isa = PBXGroup;
			children = (
				7749165F267CE459008315A6 /* RiverIslandAppTests.swift */,
				77491661267CE459008315A6 /* Info.plist */,
			);
			path = RiverIslandAppTests;
			sourceTree = "<group>";
		};
		77491669267CE459008315A6 /* RiverIslandAppUITests */ = {
			isa = PBXGroup;
			children = (
				7749166C267CE459008315A6 /* Info.plist */,
			);
			path = RiverIslandAppUITests;
			sourceTree = "<group>";
		};
		77491678267CE8D3008315A6 /* Resources */ = {
			isa = PBXGroup;
			children = (
				77491651267CE459008315A6 /* Assets.xcassets */,
				77491653267CE459008315A6 /* LaunchScreen.storyboard */,
			);
			path = Resources;
			sourceTree = "<group>";
		};
		77491679267CE8DA008315A6 /* App */ = {
			isa = PBXGroup;
			children = (
				77491648267CE458008315A6 /* AppDelegate.swift */,
				7749164A267CE458008315A6 /* SceneDelegate.swift */,
			);
			path = App;
			sourceTree = "<group>";
		};
/* End PBXGroup section */

/* Begin PBXNativeTarget section */
		77491644267CE458008315A6 /* RiverIslandApp */ = {
			isa = PBXNativeTarget;
			buildConfigurationList = 7749166F267CE459008315A6 /* Build configuration list for PBXNativeTarget "RiverIslandApp" */;
			buildPhases = (
				77491641267CE458008315A6 /* Sources */,
				77491642267CE458008315A6 /* Frameworks */,
				77491643267CE458008315A6 /* Resources */,
			);
			buildRules = (
			);
			dependencies = (
			);
			name = RiverIslandApp;
			productName = RiverIslandApp;
			productReference = 77491645267CE458008315A6 /* RiverIslandApp.app */;
			productType = "com.apple.product-type.application";
		};
		7749165A267CE459008315A6 /* RiverIslandAppTests */ = {
			isa = PBXNativeTarget;
			buildConfigurationList = 77491672267CE459008315A6 /* Build configuration list for PBXNativeTarget "RiverIslandAppTests" */;
			buildPhases = (
				77491657267CE459008315A6 /* Sources */,
				77491658267CE459008315A6 /* Frameworks */,
				77491659267CE459008315A6 /* Resources */,
			);
			buildRules = (
			);
			dependencies = (
				7749165D267CE459008315A6 /* PBXTargetDependency */,
			);
			name = RiverIslandAppTests;
			productName = RiverIslandAppTests;
			productReference = 7749165B267CE459008315A6 /* RiverIslandAppTests.xctest */;
			productType = "com.apple.product-type.bundle.unit-test";
		};
		77491665267CE459008315A6 /* RiverIslandAppUITests */ = {
			isa = PBXNativeTarget;
			buildConfigurationList = 77491675267CE459008315A6 /* Build configuration list for PBXNativeTarget "RiverIslandAppUITests" */;
			buildPhases = (
				77491662267CE459008315A6 /* Sources */,
				77491663267CE459008315A6 /* Frameworks */,
				77491664267CE459008315A6 /* Resources */,
			);
			buildRules = (
			);
			dependencies = (
				77491668267CE459008315A6 /* PBXTargetDependency */,
			);
			name = RiverIslandAppUITests;
			productName = RiverIslandAppUITests;
			productReference = 77491666267CE459008315A6 /* RiverIslandAppUITests.xctest */;
			productType = "com.apple.product-type.bundle.ui-testing";
		};
/* End PBXNativeTarget section */

/* Begin PBXProject section */
		7749163D267CE458008315A6 /* Project object */ = {
			isa = PBXProject;
			attributes = {
				LastSwiftUpdateCheck = 1250;
				LastUpgradeCheck = 1250;
				TargetAttributes = {
					77491644267CE458008315A6 = {
						CreatedOnToolsVersion = 12.5;
					};
					7749165A267CE459008315A6 = {
						CreatedOnToolsVersion = 12.5;
						TestTargetID = 77491644267CE458008315A6;
					};
					77491665267CE459008315A6 = {
						CreatedOnToolsVersion = 12.5;
						TestTargetID = 77491644267CE458008315A6;
					};
				};
			};
			buildConfigurationList = 77491640267CE458008315A6 /* Build configuration list for PBXProject "RiverIslandApp" */;
			compatibilityVersion = "Xcode 9.3";
			developmentRegion = en;
			hasScannedForEncodings = 0;
			knownRegions = (
				en,
				Base,
			);
			mainGroup = 7749163C267CE458008315A6;
			productRefGroup = 77491646267CE458008315A6 /* Products */;
			projectDirPath = "";
			projectRoot = "";
			targets = (
				77491644267CE458008315A6 /* RiverIslandApp */,
				7749165A267CE459008315A6 /* RiverIslandAppTests */,
				77491665267CE459008315A6 /* RiverIslandAppUITests */,
			);
		};
/* End PBXProject section */

/* Begin PBXResourcesBuildPhase section */
		77491643267CE458008315A6 /* Resources */ = {
			isa = PBXResourcesBuildPhase;
			buildActionMask = 2147483647;
			files = (
				77491655267CE459008315A6 /* LaunchScreen.storyboard in Resources */,
				77491652267CE459008315A6 /* Assets.xcassets in Resources */,
			);
			runOnlyForDeploymentPostprocessing = 0;
		};
		77491659267CE459008315A6 /* Resources */ = {
			isa = PBXResourcesBuildPhase;
			buildActionMask = 2147483647;
			files = (
			);
			runOnlyForDeploymentPostprocessing = 0;
		};
		77491664267CE459008315A6 /* Resources */ = {
			isa = PBXResourcesBuildPhase;
			buildActionMask = 2147483647;
			files = (
			);
			runOnlyForDeploymentPostprocessing = 0;
		};
/* End PBXResourcesBuildPhase section */

/* Begin PBXSourcesBuildPhase section */
		77491641267CE458008315A6 /* Sources */ = {
			isa = PBXSourcesBuildPhase;
			buildActionMask = 2147483647;
			files = (
				77491649267CE458008315A6 /* AppDelegate.swift in Sources */,
				7749164B267CE458008315A6 /* SceneDelegate.swift in Sources */,
			);
			runOnlyForDeploymentPostprocessing = 0;
		};
		77491657267CE459008315A6 /* Sources */ = {
			isa = PBXSourcesBuildPhase;
			buildActionMask = 2147483647;
			files = (
				77491660267CE459008315A6 /* RiverIslandAppTests.swift in Sources */,
			);
			runOnlyForDeploymentPostprocessing = 0;
		};
		77491662267CE459008315A6 /* Sources */ = {
			isa = PBXSourcesBuildPhase;
			buildActionMask = 2147483647;
			files = (
			);
			runOnlyForDeploymentPostprocessing = 0;
		};
/* End PBXSourcesBuildPhase section */

/* Begin PBXTargetDependency section */
		7749165D267CE459008315A6 /* PBXTargetDependency */ = {
			isa = PBXTargetDependency;
			target = 77491644267CE458008315A6 /* RiverIslandApp */;
			targetProxy = 7749165C267CE459008315A6 /* PBXContainerItemProxy */;
		};
		77491668267CE459008315A6 /* PBXTargetDependency */ = {
			isa = PBXTargetDependency;
			target = 77491644267CE458008315A6 /* RiverIslandApp */;
			targetProxy = 77491667267CE459008315A6 /* PBXContainerItemProxy */;
		};
/* End PBXTargetDependency section */

/* Begin PBXVariantGroup section */
		77491653267CE459008315A6 /* LaunchScreen.storyboard */ = {
			isa = PBXVariantGroup;
			children = (
				77491654267CE459008315A6 /* Base */,
			);
			name = LaunchScreen.storyboard;
			sourceTree = "<group>";
		};
/* End PBXVariantGroup section */

/* Begin XCBuildConfiguration section */
		7749166D267CE459008315A6 /* Debug */ = {
			isa = XCBuildConfiguration;
			buildSettings = {
				ALWAYS_SEARCH_USER_PATHS = NO;
				CLANG_ANALYZER_NONNULL = YES;
				CLANG_ANALYZER_NUMBER_OBJECT_CONVERSION = YES_AGGRESSIVE;
				CLANG_CXX_LANGUAGE_STANDARD = "gnu++14";
				CLANG_CXX_LIBRARY = "libc++";
				CLANG_ENABLE_MODULES = YES;
				CLANG_ENABLE_OBJC_ARC = YES;
				CLANG_ENABLE_OBJC_WEAK = YES;
				CLANG_WARN_BLOCK_CAPTURE_AUTORELEASING = YES;
				CLANG_WARN_BOOL_CONVERSION = YES;
				CLANG_WARN_COMMA = YES;
				CLANG_WARN_CONSTANT_CONVERSION = YES;
				CLANG_WARN_DEPRECATED_OBJC_IMPLEMENTATIONS = YES;
				CLANG_WARN_DIRECT_OBJC_ISA_USAGE = YES_ERROR;
				CLANG_WARN_DOCUMENTATION_COMMENTS = YES;
				CLANG_WARN_EMPTY_BODY = YES;
				CLANG_WARN_ENUM_CONVERSION = YES;
				CLANG_WARN_INFINITE_RECURSION = YES;
				CLANG_WARN_INT_CONVERSION = YES;
				CLANG_WARN_NON_LITERAL_NULL_CONVERSION = YES;
				CLANG_WARN_OBJC_IMPLICIT_RETAIN_SELF = YES;
				CLANG_WARN_OBJC_LITERAL_CONVERSION = YES;
				CLANG_WARN_OBJC_ROOT_CLASS = YES_ERROR;
				CLANG_WARN_QUOTED_INCLUDE_IN_FRAMEWORK_HEADER = YES;
				CLANG_WARN_RANGE_LOOP_ANALYSIS = YES;
				CLANG_WARN_STRICT_PROTOTYPES = YES;
				CLANG_WARN_SUSPICIOUS_MOVE = YES;
				CLANG_WARN_UNGUARDED_AVAILABILITY = YES_AGGRESSIVE;
				CLANG_WARN_UNREACHABLE_CODE = YES;
				CLANG_WARN__DUPLICATE_METHOD_MATCH = YES;
				COPY_PHASE_STRIP = NO;
				DEBUG_INFORMATION_FORMAT = dwarf;
				ENABLE_STRICT_OBJC_MSGSEND = YES;
				ENABLE_TESTABILITY = YES;
				GCC_C_LANGUAGE_STANDARD = gnu11;
				GCC_DYNAMIC_NO_PIC = NO;
				GCC_NO_COMMON_BLOCKS = YES;
				GCC_OPTIMIZATION_LEVEL = 0;
				GCC_PREPROCESSOR_DEFINITIONS = (
					"DEBUG=1",
					"$(inherited)",
				);
				GCC_WARN_64_TO_32_BIT_CONVERSION = YES;
				GCC_WARN_ABOUT_RETURN_TYPE = YES_ERROR;
				GCC_WARN_UNDECLARED_SELECTOR = YES;
				GCC_WARN_UNINITIALIZED_AUTOS = YES_AGGRESSIVE;
				GCC_WARN_UNUSED_FUNCTION = YES;
				GCC_WARN_UNUSED_VARIABLE = YES;
				IPHONEOS_DEPLOYMENT_TARGET = 13.0;
				MTL_ENABLE_DEBUG_INFO = INCLUDE_SOURCE;
				MTL_FAST_MATH = YES;
				ONLY_ACTIVE_ARCH = YES;
				SDKROOT = iphoneos;
				SWIFT_ACTIVE_COMPILATION_CONDITIONS = DEBUG;
				SWIFT_OPTIMIZATION_LEVEL = "-Onone";
			};
			name = Debug;
		};
		7749166E267CE459008315A6 /* Release */ = {
			isa = XCBuildConfiguration;
			buildSettings = {
				ALWAYS_SEARCH_USER_PATHS = NO;
				CLANG_ANALYZER_NONNULL = YES;
				CLANG_ANALYZER_NUMBER_OBJECT_CONVERSION = YES_AGGRESSIVE;
				CLANG_CXX_LANGUAGE_STANDARD = "gnu++14";
				CLANG_CXX_LIBRARY = "libc++";
				CLANG_ENABLE_MODULES = YES;
				CLANG_ENABLE_OBJC_ARC = YES;
				CLANG_ENABLE_OBJC_WEAK = YES;
				CLANG_WARN_BLOCK_CAPTURE_AUTORELEASING = YES;
				CLANG_WARN_BOOL_CONVERSION = YES;
				CLANG_WARN_COMMA = YES;
				CLANG_WARN_CONSTANT_CONVERSION = YES;
				CLANG_WARN_DEPRECATED_OBJC_IMPLEMENTATIONS = YES;
				CLANG_WARN_DIRECT_OBJC_ISA_USAGE = YES_ERROR;
				CLANG_WARN_DOCUMENTATION_COMMENTS = YES;
				CLANG_WARN_EMPTY_BODY = YES;
				CLANG_WARN_ENUM_CONVERSION = YES;
				CLANG_WARN_INFINITE_RECURSION = YES;
				CLANG_WARN_INT_CONVERSION = YES;
				CLANG_WARN_NON_LITERAL_NULL_CONVERSION = YES;
				CLANG_WARN_OBJC_IMPLICIT_RETAIN_SELF = YES;
				CLANG_WARN_OBJC_LITERAL_CONVERSION = YES;
				CLANG_WARN_OBJC_ROOT_CLASS = YES_ERROR;
				CLANG_WARN_QUOTED_INCLUDE_IN_FRAMEWORK_HEADER = YES;
				CLANG_WARN_RANGE_LOOP_ANALYSIS = YES;
				CLANG_WARN_STRICT_PROTOTYPES = YES;
				CLANG_WARN_SUSPICIOUS_MOVE = YES;
				CLANG_WARN_UNGUARDED_AVAILABILITY = YES_AGGRESSIVE;
				CLANG_WARN_UNREACHABLE_CODE = YES;
				CLANG_WARN__DUPLICATE_METHOD_MATCH = YES;
				COPY_PHASE_STRIP = NO;
				DEBUG_INFORMATION_FORMAT = "dwarf-with-dsym";
				ENABLE_NS_ASSERTIONS = NO;
				ENABLE_STRICT_OBJC_MSGSEND = YES;
				GCC_C_LANGUAGE_STANDARD = gnu11;
				GCC_NO_COMMON_BLOCKS = YES;
				GCC_WARN_64_TO_32_BIT_CONVERSION = YES;
				GCC_WARN_ABOUT_RETURN_TYPE = YES_ERROR;
				GCC_WARN_UNDECLARED_SELECTOR = YES;
				GCC_WARN_UNINITIALIZED_AUTOS = YES_AGGRESSIVE;
				GCC_WARN_UNUSED_FUNCTION = YES;
				GCC_WARN_UNUSED_VARIABLE = YES;
				IPHONEOS_DEPLOYMENT_TARGET = 13.0;
				MTL_ENABLE_DEBUG_INFO = NO;
				MTL_FAST_MATH = YES;
				SDKROOT = iphoneos;
				SWIFT_COMPILATION_MODE = wholemodule;
				SWIFT_OPTIMIZATION_LEVEL = "-O";
				VALIDATE_PRODUCT = YES;
			};
			name = Release;
		};
		77491670267CE459008315A6 /* Debug */ = {
			isa = XCBuildConfiguration;
			buildSettings = {
				ASSETCATALOG_COMPILER_APPICON_NAME = AppIcon;
				ASSETCATALOG_COMPILER_GLOBAL_ACCENT_COLOR_NAME = AccentColor;
				CODE_SIGN_STYLE = Automatic;
				DEVELOPMENT_TEAM = HXU4QPBL2H;
				INFOPLIST_FILE = RiverIslandApp/Info.plist;
				IPHONEOS_DEPLOYMENT_TARGET = 13.0;
				LD_RUNPATH_SEARCH_PATHS = (
					"$(inherited)",
					"@executable_path/Frameworks",
				);
				PRODUCT_BUNDLE_IDENTIFIER = com.example.germanhernandez.RiverIslandApp;
				PRODUCT_NAME = "$(TARGET_NAME)";
				SWIFT_VERSION = 5.0;
				TARGETED_DEVICE_FAMILY = 1;
			};
			name = Debug;
		};
		77491671267CE459008315A6 /* Release */ = {
			isa = XCBuildConfiguration;
			buildSettings = {
				ASSETCATALOG_COMPILER_APPICON_NAME = AppIcon;
				ASSETCATALOG_COMPILER_GLOBAL_ACCENT_COLOR_NAME = AccentColor;
				CODE_SIGN_STYLE = Automatic;
				DEVELOPMENT_TEAM = HXU4QPBL2H;
				INFOPLIST_FILE = RiverIslandApp/Info.plist;
				IPHONEOS_DEPLOYMENT_TARGET = 13.0;
				LD_RUNPATH_SEARCH_PATHS = (
					"$(inherited)",
					"@executable_path/Frameworks",
				);
				PRODUCT_BUNDLE_IDENTIFIER = com.example.germanhernandez.RiverIslandApp;
				PRODUCT_NAME = "$(TARGET_NAME)";
				SWIFT_VERSION = 5.0;
				TARGETED_DEVICE_FAMILY = 1;
			};
			name = Release;
		};
		77491673267CE459008315A6 /* Debug */ = {
			isa = XCBuildConfiguration;
			buildSettings = {
				ALWAYS_EMBED_SWIFT_STANDARD_LIBRARIES = YES;
				BUNDLE_LOADER = "$(TEST_HOST)";
				CODE_SIGN_STYLE = Automatic;
				DEVELOPMENT_TEAM = HXU4QPBL2H;
				INFOPLIST_FILE = RiverIslandAppTests/Info.plist;
				IPHONEOS_DEPLOYMENT_TARGET = 14.5;
				LD_RUNPATH_SEARCH_PATHS = (
					"$(inherited)",
					"@executable_path/Frameworks",
					"@loader_path/Frameworks",
				);
				PRODUCT_BUNDLE_IDENTIFIER = com.example.germanhernandez.RiverIslandAppTests;
				PRODUCT_NAME = "$(TARGET_NAME)";
				SWIFT_VERSION = 5.0;
				TARGETED_DEVICE_FAMILY = "1,2";
				TEST_HOST = "$(BUILT_PRODUCTS_DIR)/RiverIslandApp.app/RiverIslandApp";
			};
			name = Debug;
		};
		77491674267CE459008315A6 /* Release */ = {
			isa = XCBuildConfiguration;
			buildSettings = {
				ALWAYS_EMBED_SWIFT_STANDARD_LIBRARIES = YES;
				BUNDLE_LOADER = "$(TEST_HOST)";
				CODE_SIGN_STYLE = Automatic;
				DEVELOPMENT_TEAM = HXU4QPBL2H;
				INFOPLIST_FILE = RiverIslandAppTests/Info.plist;
				IPHONEOS_DEPLOYMENT_TARGET = 14.5;
				LD_RUNPATH_SEARCH_PATHS = (
					"$(inherited)",
					"@executable_path/Frameworks",
					"@loader_path/Frameworks",
				);
				PRODUCT_BUNDLE_IDENTIFIER = com.example.germanhernandez.RiverIslandAppTests;
				PRODUCT_NAME = "$(TARGET_NAME)";
				SWIFT_VERSION = 5.0;
				TARGETED_DEVICE_FAMILY = "1,2";
				TEST_HOST = "$(BUILT_PRODUCTS_DIR)/RiverIslandApp.app/RiverIslandApp";
			};
			name = Release;
		};
		77491676267CE459008315A6 /* Debug */ = {
			isa = XCBuildConfiguration;
			buildSettings = {
				ALWAYS_EMBED_SWIFT_STANDARD_LIBRARIES = YES;
				CODE_SIGN_STYLE = Automatic;
				DEVELOPMENT_TEAM = HXU4QPBL2H;
				INFOPLIST_FILE = RiverIslandAppUITests/Info.plist;
				LD_RUNPATH_SEARCH_PATHS = (
					"$(inherited)",
					"@executable_path/Frameworks",
					"@loader_path/Frameworks",
				);
				PRODUCT_BUNDLE_IDENTIFIER = com.example.germanhernandez.RiverIslandAppUITests;
				PRODUCT_NAME = "$(TARGET_NAME)";
				SWIFT_VERSION = 5.0;
				TARGETED_DEVICE_FAMILY = "1,2";
				TEST_TARGET_NAME = RiverIslandApp;
			};
			name = Debug;
		};
		77491677267CE459008315A6 /* Release */ = {
			isa = XCBuildConfiguration;
			buildSettings = {
				ALWAYS_EMBED_SWIFT_STANDARD_LIBRARIES = YES;
				CODE_SIGN_STYLE = Automatic;
				DEVELOPMENT_TEAM = HXU4QPBL2H;
				INFOPLIST_FILE = RiverIslandAppUITests/Info.plist;
				LD_RUNPATH_SEARCH_PATHS = (
					"$(inherited)",
					"@executable_path/Frameworks",
					"@loader_path/Frameworks",
				);
				PRODUCT_BUNDLE_IDENTIFIER = com.example.germanhernandez.RiverIslandAppUITests;
				PRODUCT_NAME = "$(TARGET_NAME)";
				SWIFT_VERSION = 5.0;
				TARGETED_DEVICE_FAMILY = "1,2";
				TEST_TARGET_NAME = RiverIslandApp;
			};
			name = Release;
		};
/* End XCBuildConfiguration section */

/* Begin XCConfigurationList section */
		77491640267CE458008315A6 /* Build configuration list for PBXProject "RiverIslandApp" */ = {
			isa = XCConfigurationList;
			buildConfigurations = (
				7749166D267CE459008315A6 /* Debug */,
				7749166E267CE459008315A6 /* Release */,
			);
			defaultConfigurationIsVisible = 0;
			defaultConfigurationName = Release;
		};
		7749166F267CE459008315A6 /* Build configuration list for PBXNativeTarget "RiverIslandApp" */ = {
			isa = XCConfigurationList;
			buildConfigurations = (
				77491670267CE459008315A6 /* Debug */,
				77491671267CE459008315A6 /* Release */,
			);
			defaultConfigurationIsVisible = 0;
			defaultConfigurationName = Release;
		};
		77491672267CE459008315A6 /* Build configuration list for PBXNativeTarget "RiverIslandAppTests" */ = {
			isa = XCConfigurationList;
			buildConfigurations = (
				77491673267CE459008315A6 /* Debug */,
				77491674267CE459008315A6 /* Release */,
			);
			defaultConfigurationIsVisible = 0;
			defaultConfigurationName = Release;
		};
		77491675267CE459008315A6 /* Build configuration list for PBXNativeTarget "RiverIslandAppUITests" */ = {
			isa = XCConfigurationList;
			buildConfigurations = (
				77491676267CE459008315A6 /* Debug */,
				77491677267CE459008315A6 /* Release */,
			);
			defaultConfigurationIsVisible = 0;
			defaultConfigurationName = Release;
		};
/* End XCConfigurationList section */
	};
	rootObject = 7749163D267CE458008315A6 /* Project object */;
}
